lockfileVersion: '9.0'

settings:
  autoInstallPeers: true
  excludeLinksFromLockfile: false

importers:

  .:
    devDependencies:
      '@workspace/api-client-react':
        specifier: workspace:*
        version: link:../../lib/api-client-react
      lightningcss-darwin-arm64:
        specifier: ^1.32.0
        version: 1.32.0

packages:

  lightningcss-darwin-arm64@1.32.0:
    resolution: {integrity: sha512-RzeG9Ju5bag2Bv1/lwlVJvBE3q6TtXskdZLLCyfg5pt+HLz9BqlICO7LZM7VHNTTn/5PRhHFBSjk5lc4cmscPQ==}
    engines: {node: '>= 12.0.0'}
    cpu: [arm64]
    os: [darwin]

snapshots:

  lightningcss-darwin-arm64@1.32.0: {}
