PODS:
  - Capacitor (8.4.2):
    - CapacitorCordova
  - CapacitorApp (8.1.1):
    - Capacitor
  - CapacitorBrowser (8.0.3):
    - Capacitor
  - CapacitorCommunityContacts (7.2.0):
    - Capacitor
  - CapacitorCommunityKeepAwake (8.0.1):
    - Capacitor
  - CapacitorCordova (8.4.2)
  - CapacitorHaptics (8.0.2):
    - Capacitor
  - CapacitorKeyboard (8.0.5):
    - Capacitor
  - CapacitorLocalNotifications (8.2.0):
    - Capacitor
  - CapacitorNetwork (8.0.1):
    - Capacitor
  - CapacitorPreferences (8.0.1):
    - Capacitor
  - CapacitorPushNotifications (8.1.1):
    - Capacitor
  - CapacitorShare (8.0.1):
    - Capacitor
  - CapacitorSplashScreen (8.0.1):
    - Capacitor
  - CapacitorStatusBar (8.0.2):
    - Capacitor
  - CapgoCapacitorNativeBiometric (7.1.13):
    - Capacitor

DEPENDENCIES:
  - "Capacitor (from `../../../../node_modules/.pnpm/@capacitor+ios@8.4.2_@capacitor+core@8.4.0/node_modules/@capacitor/ios`)"
  - "CapacitorApp (from `../../../../node_modules/.pnpm/@capacitor+app@8.1.1_@capacitor+core@8.4.0/node_modules/@capacitor/app`)"
  - "CapacitorBrowser (from `../../../../node_modules/.pnpm/@capacitor+browser@8.0.3_@capacitor+core@8.4.0/node_modules/@capacitor/browser`)"
  - "CapacitorCommunityContacts (from `../../../../node_modules/.pnpm/@capacitor-community+contacts@7.2.0_@capacitor+core@8.4.0/node_modules/@capacitor-community/contacts`)"
  - "CapacitorCommunityKeepAwake (from `../../../../node_modules/.pnpm/@capacitor-community+keep-awake@8.0.1_@capacitor+core@8.4.0/node_modules/@capacitor-community/keep-awake`)"
  - "CapacitorCordova (from `../../../../node_modules/.pnpm/@capacitor+ios@8.4.2_@capacitor+core@8.4.0/node_modules/@capacitor/ios`)"
  - "CapacitorHaptics (from `../../../../node_modules/.pnpm/@capacitor+haptics@8.0.2_@capacitor+core@8.4.0/node_modules/@capacitor/haptics`)"
  - "CapacitorKeyboard (from `../../../../node_modules/.pnpm/@capacitor+keyboard@8.0.5_@capacitor+core@8.4.0/node_modules/@capacitor/keyboard`)"
  - "CapacitorLocalNotifications (from `../../../../node_modules/.pnpm/@capacitor+local-notifications@8.2.0_@capacitor+core@8.4.0/node_modules/@capacitor/local-notifications`)"
  - "CapacitorNetwork (from `../../../../node_modules/.pnpm/@capacitor+network@8.0.1_@capacitor+core@8.4.0/node_modules/@capacitor/network`)"
  - "CapacitorPreferences (from `../../../../node_modules/.pnpm/@capacitor+preferences@8.0.1_@capacitor+core@8.4.0/node_modules/@capacitor/preferences`)"
  - "CapacitorPushNotifications (from `../../../../node_modules/.pnpm/@capacitor+push-notifications@8.1.1_@capacitor+core@8.4.0/node_modules/@capacitor/push-notifications`)"
  - "CapacitorShare (from `../../../../node_modules/.pnpm/@capacitor+share@8.0.1_@capacitor+core@8.4.0/node_modules/@capacitor/share`)"
  - "CapacitorSplashScreen (from `../../../../node_modules/.pnpm/@capacitor+splash-screen@8.0.1_@capacitor+core@8.4.0/node_modules/@capacitor/splash-screen`)"
  - "CapacitorStatusBar (from `../../../../node_modules/.pnpm/@capacitor+status-bar@8.0.2_@capacitor+core@8.4.0/node_modules/@capacitor/status-bar`)"
  - "CapgoCapacitorNativeBiometric (from `../../../../node_modules/.pnpm/@capgo+capacitor-native-biometric@8.6.2_@capacitor+core@8.4.0/node_modules/@capgo/capacitor-native-biometric`)"

EXTERNAL SOURCES:
  Capacitor:
    :path: "../../../../node_modules/.pnpm/@capacitor+ios@8.4.2_@capacitor+core@8.4.0/node_modules/@capacitor/ios"
  CapacitorApp:
    :path: "../../../../node_modules/.pnpm/@capacitor+app@8.1.1_@capacitor+core@8.4.0/node_modules/@capacitor/app"
  CapacitorBrowser:
    :path: "../../../../node_modules/.pnpm/@capacitor+browser@8.0.3_@capacitor+core@8.4.0/node_modules/@capacitor/browser"
  CapacitorCommunityContacts:
    :path: "../../../../node_modules/.pnpm/@capacitor-community+contacts@7.2.0_@capacitor+core@8.4.0/node_modules/@capacitor-community/contacts"
  CapacitorCommunityKeepAwake:
    :path: "../../../../node_modules/.pnpm/@capacitor-community+keep-awake@8.0.1_@capacitor+core@8.4.0/node_modules/@capacitor-community/keep-awake"
  CapacitorCordova:
    :path: "../../../../node_modules/.pnpm/@capacitor+ios@8.4.2_@capacitor+core@8.4.0/node_modules/@capacitor/ios"
  CapacitorHaptics:
    :path: "../../../../node_modules/.pnpm/@capacitor+haptics@8.0.2_@capacitor+core@8.4.0/node_modules/@capacitor/haptics"
  CapacitorKeyboard:
    :path: "../../../../node_modules/.pnpm/@capacitor+keyboard@8.0.5_@capacitor+core@8.4.0/node_modules/@capacitor/keyboard"
  CapacitorLocalNotifications:
    :path: "../../../../node_modules/.pnpm/@capacitor+local-notifications@8.2.0_@capacitor+core@8.4.0/node_modules/@capacitor/local-notifications"
  CapacitorNetwork:
    :path: "../../../../node_modules/.pnpm/@capacitor+network@8.0.1_@capacitor+core@8.4.0/node_modules/@capacitor/network"
  CapacitorPreferences:
    :path: "../../../../node_modules/.pnpm/@capacitor+preferences@8.0.1_@capacitor+core@8.4.0/node_modules/@capacitor/preferences"
  CapacitorPushNotifications:
    :path: "../../../../node_modules/.pnpm/@capacitor+push-notifications@8.1.1_@capacitor+core@8.4.0/node_modules/@capacitor/push-notifications"
  CapacitorShare:
    :path: "../../../../node_modules/.pnpm/@capacitor+share@8.0.1_@capacitor+core@8.4.0/node_modules/@capacitor/share"
  CapacitorSplashScreen:
    :path: "../../../../node_modules/.pnpm/@capacitor+splash-screen@8.0.1_@capacitor+core@8.4.0/node_modules/@capacitor/splash-screen"
  CapacitorStatusBar:
    :path: "../../../../node_modules/.pnpm/@capacitor+status-bar@8.0.2_@capacitor+core@8.4.0/node_modules/@capacitor/status-bar"
  CapgoCapacitorNativeBiometric:
    :path: "../../../../node_modules/.pnpm/@capgo+capacitor-native-biometric@8.6.2_@capacitor+core@8.4.0/node_modules/@capgo/capacitor-native-biometric"

SPEC CHECKSUMS:
  Capacitor: 52f999235b8bd6a7d01694753f4f4d54d182e3a3
  CapacitorApp: 305bd13c44f6f9d164e2ee66a4faa956ed8c0e06
  CapacitorBrowser: c987c73d09d8bd3b5ec13f06338b1e14d5d2be69
  CapacitorCommunityContacts: 12008d6650ba80d7bb948a70fe31fec6813d49dc
  CapacitorCommunityKeepAwake: d41922812644562e94a79acaf7f41e6d9413af8c
  CapacitorCordova: 345eacdc4c8282415446aea4acd8c77d82480bd4
  CapacitorHaptics: 296f771ecd89c7a1bd92a7b6826a7d268e2e70f5
  CapacitorKeyboard: b6b0744890cdb1d9a96e2cafcc9253fdcc55de3b
  CapacitorLocalNotifications: 2615aa008f608b95d3921a778ee1988abf1e6148
  CapacitorNetwork: 8812ce60d11fb63d8f2e4ba51a49b2e59892ebe2
  CapacitorPreferences: cca2021f386efb75947c850334447d9ff22b14f1
  CapacitorPushNotifications: ec08d589c226a2c0db7c032ec1bf5b044ec85f8e
  CapacitorShare: 0c58305114538568059bfc07111f22dcb9cb2a82
  CapacitorSplashScreen: 4b46c72298db552b3c57ce021ef028b6dc7f1fa7
  CapacitorStatusBar: 01d5763b4ed720de5ce2edbc938de6a98f4c8f32
  CapgoCapacitorNativeBiometric: c9a116d9516b3f52dd335aea6a0c5073be36fe5a

PODFILE CHECKSUM: 0a8d8ff47fa2c1ddf7d3dd40616f15bb292fc02b

COCOAPODS: 1.16.2
