PODS:
  - Capacitor (6.2.1):
    - CapacitorCordova
  - CapacitorApp (6.0.3):
    - Capacitor
  - CapacitorCommunityAppleSignIn (6.0.0):
    - Capacitor
  - CapacitorCommunityContacts (6.1.1):
    - Capacitor
  - CapacitorCordova (6.2.1)
  - CapacitorHaptics (6.0.3):
    - Capacitor
  - CapacitorKeyboard (6.0.4):
    - Capacitor
  - CapacitorLocalNotifications (6.1.3):
    - Capacitor
  - CapacitorPreferences (6.0.4):
    - Capacitor
  - CapacitorPushNotifications (6.0.5):
    - Capacitor
  - CapacitorShare (6.0.4):
    - Capacitor
  - CapacitorSplashScreen (6.0.4):
    - Capacitor
  - CapacitorStatusBar (6.0.3):
    - Capacitor
  - CapgoCapacitorNativeBiometric (0.0.1):
    - Capacitor

DEPENDENCIES:
  - "Capacitor (from `../../../../node_modules/.pnpm/@capacitor+ios@6.2.1_@capacitor+core@6.2.1/node_modules/@capacitor/ios`)"
  - "CapacitorApp (from `../../../../node_modules/.pnpm/@capacitor+app@6.0.3_@capacitor+core@6.2.1/node_modules/@capacitor/app`)"
  - "CapacitorCommunityAppleSignIn (from `../../../../node_modules/.pnpm/@capacitor-community+apple-sign-in@6.0.0_@capacitor+core@6.2.1/node_modules/@capacitor-community/apple-sign-in`)"
  - "CapacitorCommunityContacts (from `../../../../node_modules/.pnpm/@capacitor-community+contacts@6.1.1_@capacitor+core@6.2.1/node_modules/@capacitor-community/contacts`)"
  - "CapacitorCordova (from `../../../../node_modules/.pnpm/@capacitor+ios@6.2.1_@capacitor+core@6.2.1/node_modules/@capacitor/ios`)"
  - "CapacitorHaptics (from `../../../../node_modules/.pnpm/@capacitor+haptics@6.0.3_@capacitor+core@6.2.1/node_modules/@capacitor/haptics`)"
  - "CapacitorKeyboard (from `../../../../node_modules/.pnpm/@capacitor+keyboard@6.0.4_@capacitor+core@6.2.1/node_modules/@capacitor/keyboard`)"
  - "CapacitorLocalNotifications (from `../../../../node_modules/.pnpm/@capacitor+local-notifications@6.1.3_@capacitor+core@6.2.1/node_modules/@capacitor/local-notifications`)"
  - "CapacitorPreferences (from `../../../../node_modules/.pnpm/@capacitor+preferences@6.0.4_@capacitor+core@6.2.1/node_modules/@capacitor/preferences`)"
  - "CapacitorPushNotifications (from `../../../../node_modules/.pnpm/@capacitor+push-notifications@6.0.5_@capacitor+core@6.2.1/node_modules/@capacitor/push-notifications`)"
  - "CapacitorShare (from `../../../../node_modules/.pnpm/@capacitor+share@6.0.4_@capacitor+core@6.2.1/node_modules/@capacitor/share`)"
  - "CapacitorSplashScreen (from `../../../../node_modules/.pnpm/@capacitor+splash-screen@6.0.4_@capacitor+core@6.2.1/node_modules/@capacitor/splash-screen`)"
  - "CapacitorStatusBar (from `../../../../node_modules/.pnpm/@capacitor+status-bar@6.0.3_@capacitor+core@6.2.1/node_modules/@capacitor/status-bar`)"
  - "CapgoCapacitorNativeBiometric (from `../../../../node_modules/.pnpm/@capgo+capacitor-native-biometric@6.0.4_@capacitor+core@6.2.1/node_modules/@capgo/capacitor-native-biometric`)"

EXTERNAL SOURCES:
  Capacitor:
    :path: "../../../../node_modules/.pnpm/@capacitor+ios@6.2.1_@capacitor+core@6.2.1/node_modules/@capacitor/ios"
  CapacitorApp:
    :path: "../../../../node_modules/.pnpm/@capacitor+app@6.0.3_@capacitor+core@6.2.1/node_modules/@capacitor/app"
  CapacitorCommunityAppleSignIn:
    :path: "../../../../node_modules/.pnpm/@capacitor-community+apple-sign-in@6.0.0_@capacitor+core@6.2.1/node_modules/@capacitor-community/apple-sign-in"
  CapacitorCommunityContacts:
    :path: "../../../../node_modules/.pnpm/@capacitor-community+contacts@6.1.1_@capacitor+core@6.2.1/node_modules/@capacitor-community/contacts"
  CapacitorCordova:
    :path: "../../../../node_modules/.pnpm/@capacitor+ios@6.2.1_@capacitor+core@6.2.1/node_modules/@capacitor/ios"
  CapacitorHaptics:
    :path: "../../../../node_modules/.pnpm/@capacitor+haptics@6.0.3_@capacitor+core@6.2.1/node_modules/@capacitor/haptics"
  CapacitorKeyboard:
    :path: "../../../../node_modules/.pnpm/@capacitor+keyboard@6.0.4_@capacitor+core@6.2.1/node_modules/@capacitor/keyboard"
  CapacitorLocalNotifications:
    :path: "../../../../node_modules/.pnpm/@capacitor+local-notifications@6.1.3_@capacitor+core@6.2.1/node_modules/@capacitor/local-notifications"
  CapacitorPreferences:
    :path: "../../../../node_modules/.pnpm/@capacitor+preferences@6.0.4_@capacitor+core@6.2.1/node_modules/@capacitor/preferences"
  CapacitorPushNotifications:
    :path: "../../../../node_modules/.pnpm/@capacitor+push-notifications@6.0.5_@capacitor+core@6.2.1/node_modules/@capacitor/push-notifications"
  CapacitorShare:
    :path: "../../../../node_modules/.pnpm/@capacitor+share@6.0.4_@capacitor+core@6.2.1/node_modules/@capacitor/share"
  CapacitorSplashScreen:
    :path: "../../../../node_modules/.pnpm/@capacitor+splash-screen@6.0.4_@capacitor+core@6.2.1/node_modules/@capacitor/splash-screen"
  CapacitorStatusBar:
    :path: "../../../../node_modules/.pnpm/@capacitor+status-bar@6.0.3_@capacitor+core@6.2.1/node_modules/@capacitor/status-bar"
  CapgoCapacitorNativeBiometric:
    :path: "../../../../node_modules/.pnpm/@capgo+capacitor-native-biometric@6.0.4_@capacitor+core@6.2.1/node_modules/@capgo/capacitor-native-biometric"

SPEC CHECKSUMS:
  Capacitor: c95400d761e376be9da6be5a05f226c0e865cebf
  CapacitorApp: a19ccb4f5f32d2534be5c6f524d5a9b614a1e8a7
  CapacitorCommunityAppleSignIn: c9c2541ee7580618055a91b3516c3f0313fe2544
  CapacitorCommunityContacts: 9cde99c2cd212f6594677aae542436e2174c4ef2
  CapacitorCordova: 8d93e14982f440181be7304aa9559ca631d77fff
  CapacitorHaptics: 40f83026feeee9cfe36e89e9c98a3baaaf20c450
  CapacitorKeyboard: e8cd50fd5cbdd023a5947a5c0f5cca6e5aa5a253
  CapacitorLocalNotifications: 801867e687c42dd2b33c1e22e08f48e6738d2f72
  CapacitorPreferences: 5848e0691b36b4bb4acc98e481ab56d451578d30
  CapacitorPushNotifications: 35abece14371c57172e8321c9ccc8b6fa35fabfe
  CapacitorShare: 77ff779e3b7c6ae9fb5461e52cf7ef805d429491
  CapacitorSplashScreen: ef140a8b1ea7244e0c245ce2dd4ce5251e7ab86a
  CapacitorStatusBar: 149cde8f1328ec3aa6cbdd872a55137ae3f98b16
  CapgoCapacitorNativeBiometric: 2cbb9787f3a73bd4e8bccbd5e10bec7231a48ccd

PODFILE CHECKSUM: 9c1ad3168ac46c306127b4b23a3c15e895af0937

COCOAPODS: 1.16.2
